{
  "pins" : [
    {
      "identity" : "controls",
      "kind" : "remoteSourceControl",
      "location" : "https://github.com/AudioKit/Controls.git",
      "state" : {
        "revision" : "6861a9380963378115856f0b9b54414a9ec5f1ad",
        "version" : "1.1.2"
      }
    }
  ],
  "version" : 2
}
